
Microsoft Visual Studio Solution File, Format Version 12.00
# Visual Studio Version 17
VisualStudioVersion = 17.10.35013.160
MinimumVisualStudioVersion = 10.0.40219.1
Project("{FAE04EC0-301F-11D3-BF4B-00C04F79EFBC}") = "basic-to-do", "basic-to-do.csproj", "{6895BC6C-4429-4CC6-8750-AC3B34C1EA51}"
EndProject
Global
	GlobalSection(SolutionConfigurationPlatforms) = preSolution
		Debug|Any CPU = Debug|Any CPU
		Release|Any CPU = Release|Any CPU
	EndGlobalSection
	GlobalSection(ProjectConfigurationPlatforms) = postSolution
		{6895BC6C-4429-4CC6-8750-AC3B34C1EA51}.Debug|Any CPU.ActiveCfg = Debug|Any CPU
		{6895BC6C-4429-4CC6-8750-AC3B34C1EA51}.Debug|Any CPU.Build.0 = Debug|Any CPU
		{6895BC6C-4429-4CC6-8750-AC3B34C1EA51}.Release|Any CPU.ActiveCfg = Release|Any CPU
		{6895BC6C-4429-4CC6-8750-AC3B34C1EA51}.Release|Any CPU.Build.0 = Release|Any CPU
	EndGlobalSection
	GlobalSection(SolutionProperties) = preSolution
		HideSolutionNode = FALSE
	EndGlobalSection
	GlobalSection(ExtensibilityGlobals) = postSolution
		SolutionGuid = {0F883F7A-1B78-4664-864D-B92577AC67CF}
	EndGlobalSection
EndGlobal
